
Microsoft Visual Studio Solution File, Format Version 12.00
# Visual Studio Version 16
VisualStudioVersion = 16.0.29306.81
MinimumVisualStudioVersion = 10.0.40219.1
Project("{9A19103F-16F7-4668-BE54-9A1E7A4F7556}") = "DAL", "DAL\DAL.csproj", "{52295E19-4EA8-45BE-8C35-C0BD1FD4F92C}"
EndProject
Project("{9A19103F-16F7-4668-BE54-9A1E7A4F7556}") = "ConsoleApp", "ConsoleApp\ConsoleApp.csproj", "{8CBE6EC8-F42B-4743-853A-0CAA153254AC}"
EndProject
Project("{9A19103F-16F7-4668-BE54-9A1E7A4F7556}") = "BLL", "BLL\BLL.csproj", "{88238250-5C30-4EDD-A031-8D74E7EAC903}"
EndProject
Project("{9A19103F-16F7-4668-BE54-9A1E7A4F7556}") = "DTO", "DTO\DTO.csproj", "{6C2D1204-BFF2-4648-A4C9-580D0C790920}"
EndProject
Project("{FAE04EC0-301F-11D3-BF4B-00C04F79EFBC}") = "WebApplication", "WebApplication\WebApplication.csproj", "{8F8DDDB1-D155-48C3-998B-900B4C5D3F68}"
EndProject
Global
	GlobalSection(SolutionConfigurationPlatforms) = preSolution
		Debug|Any CPU = Debug|Any CPU
		Release|Any CPU = Release|Any CPU
	EndGlobalSection
	GlobalSection(ProjectConfigurationPlatforms) = postSolution
		{52295E19-4EA8-45BE-8C35-C0BD1FD4F92C}.Debug|Any CPU.ActiveCfg = Debug|Any CPU
		{52295E19-4EA8-45BE-8C35-C0BD1FD4F92C}.Debug|Any CPU.Build.0 = Debug|Any CPU
		{52295E19-4EA8-45BE-8C35-C0BD1FD4F92C}.Release|Any CPU.ActiveCfg = Release|Any CPU
		{52295E19-4EA8-45BE-8C35-C0BD1FD4F92C}.Release|Any CPU.Build.0 = Release|Any CPU
		{8CBE6EC8-F42B-4743-853A-0CAA153254AC}.Debug|Any CPU.ActiveCfg = Debug|Any CPU
		{8CBE6EC8-F42B-4743-853A-0CAA153254AC}.Debug|Any CPU.Build.0 = Debug|Any CPU
		{8CBE6EC8-F42B-4743-853A-0CAA153254AC}.Release|Any CPU.ActiveCfg = Release|Any CPU
		{8CBE6EC8-F42B-4743-853A-0CAA153254AC}.Release|Any CPU.Build.0 = Release|Any CPU
		{88238250-5C30-4EDD-A031-8D74E7EAC903}.Debug|Any CPU.ActiveCfg = Debug|Any CPU
		{88238250-5C30-4EDD-A031-8D74E7EAC903}.Debug|Any CPU.Build.0 = Debug|Any CPU
		{88238250-5C30-4EDD-A031-8D74E7EAC903}.Release|Any CPU.ActiveCfg = Release|Any CPU
		{88238250-5C30-4EDD-A031-8D74E7EAC903}.Release|Any CPU.Build.0 = Release|Any CPU
		{6C2D1204-BFF2-4648-A4C9-580D0C790920}.Debug|Any CPU.ActiveCfg = Debug|Any CPU
		{6C2D1204-BFF2-4648-A4C9-580D0C790920}.Debug|Any CPU.Build.0 = Debug|Any CPU
		{6C2D1204-BFF2-4648-A4C9-580D0C790920}.Release|Any CPU.ActiveCfg = Release|Any CPU
		{6C2D1204-BFF2-4648-A4C9-580D0C790920}.Release|Any CPU.Build.0 = Release|Any CPU
		{8F8DDDB1-D155-48C3-998B-900B4C5D3F68}.Debug|Any CPU.ActiveCfg = Debug|Any CPU
		{8F8DDDB1-D155-48C3-998B-900B4C5D3F68}.Debug|Any CPU.Build.0 = Debug|Any CPU
		{8F8DDDB1-D155-48C3-998B-900B4C5D3F68}.Release|Any CPU.ActiveCfg = Release|Any CPU
		{8F8DDDB1-D155-48C3-998B-900B4C5D3F68}.Release|Any CPU.Build.0 = Release|Any CPU
	EndGlobalSection
	GlobalSection(SolutionProperties) = preSolution
		HideSolutionNode = FALSE
	EndGlobalSection
	GlobalSection(ExtensibilityGlobals) = postSolution
		SolutionGuid = {04E41ADF-64D6-4607-97AD-70567725CD0F}
	EndGlobalSection
EndGlobal
